// !$*UTF8*$!
{
	archiveVersion = 1;
	classes = {
	};
	objectVersion = 50;
	objects = {

/* Begin PBXBuildFile section */
		313F7BD624FC089500BDA97C /* AppDelegate.swift in Sources */ = {isa = PBXBuildFile; fileRef = 313F7BD524FC089500BDA97C /* AppDelegate.swift */; };
		313F7BD824FC089500BDA97C /* SceneDelegate.swift in Sources */ = {isa = PBXBuildFile; fileRef = 313F7BD724FC089500BDA97C /* SceneDelegate.swift */; };
		313F7BDA24FC089500BDA97C /* ViewController.swift in Sources */ = {isa = PBXBuildFile; fileRef = 313F7BD924FC089500BDA97C /* ViewController.swift */; };
		313F7BDD24FC089500BDA97C /* Main.storyboard in Resources */ = {isa = PBXBuildFile; fileRef = 313F7BDB24FC089500BDA97C /* Main.storyboard */; };
		313F7BDF24FC089D00BDA97C /* Assets.xcassets in Resources */ = {isa = PBXBuildFile; fileRef = 313F7BDE24FC089D00BDA97C /* Assets.xcassets */; };
		313F7BE224FC089D00BDA97C /* LaunchScreen.storyboard in Resources */ = {isa = PBXBuildFile; fileRef = 313F7BE024FC089D00BDA97C /* LaunchScreen.storyboard */; };
/* End PBXBuildFile section */

/* Begin PBXFileReference section */
		313F7BD224FC089500BDA97C /* TestClever.app */ = {isa = PBXFileReference; explicitFileType = wrapper.application; includeInIndex = 0; path = TestClever.app; sourceTree = BUILT_PRODUCTS_DIR; };
		313F7BD524FC089500BDA97C /* AppDelegate.swift */ = {isa = PBXFileReference; lastKnownFileType = sourcecode.swift; path = AppDelegate.swift; sourceTree = "<group>"; };
		313F7BD724FC089500BDA97C /* SceneDelegate.swift */ = {isa = PBXFileReference; lastKnownFileType = sourcecode.swift; path = SceneDelegate.swift; sourceTree = "<group>"; };
		313F7BD924FC089500BDA97C /* ViewController.swift */ = {isa = PBXFileReference; lastKnownFileType = sourcecode.swift; path = ViewController.swift; sourceTree = "<group>"; };
		313F7BDC24FC089500BDA97C /* Base */ = {isa = PBXFileReference; lastKnownFileType = file.storyboard; name = Base; path = Base.lproj/Main.storyboard; sourceTree = "<group>"; };
		313F7BDE24FC089D00BDA97C /* Assets.xcassets */ = {isa = PBXFileReference; lastKnownFileType = folder.assetcatalog; path = Assets.xcassets; sourceTree = "<group>"; };
		313F7BE124FC089D00BDA97C /* Base */ = {isa = PBXFileReference; lastKnownFileType = file.storyboard; name = Base; path = Base.lproj/LaunchScreen.storyboard; sourceTree = "<group>"; };
		313F7BE324FC089D00BDA97C /* Info.plist */ = {isa = PBXFileReference; lastKnownFileType = text.plist.xml; path = Info.plist; sourceTree = "<group>"; };
/* End PBXFileReference section */

/* Begin PBXFrameworksBuildPhase section */
		313F7BCF24FC089500BDA97C /* Frameworks */ = {
			isa = PBXFrameworksBuildPhase;
			buildActionMask = 2147483647;
			files = (
			);
			runOnlyForDeploymentPostprocessing = 0;
		};
/* End PBXFrameworksBuildPhase section */

/* Begin PBXGroup section */
		313F7BC924FC089500BDA97C = {
			isa = PBXGroup;
			children = (
				313F7BD424FC089500BDA97C /* TestClever */,
				313F7BD324FC089500BDA97C /* Products */,
			);
			sourceTree = "<group>";
		};
		313F7BD324FC089500BDA97C /* Products */ = {
			isa = PBXGroup;
			children = (
				313F7BD224FC089500BDA97C /* TestClever.app */,
			);
			name = Products;
			sourceTree = "<group>";
		};
		313F7BD424FC089500BDA97C /* TestClever */ = {
			isa = PBXGroup;
			children = (
				313F7BD524FC089500BDA97C /* AppDelegate.swift */,
				313F7BD724FC089500BDA97C /* SceneDelegate.swift */,
				313F7BD924FC089500BDA97C /* ViewController.swift */,
				313F7BDB24FC089500BDA97C /* Main.storyboard */,
				313F7BDE24FC089D00BDA97C /* Assets.xcassets */,
				313F7BE024FC089D00BDA97C /* LaunchScreen.storyboard */,
				313F7BE324FC089D00BDA97C /* Info.plist */,
			);
			path = TestClever;
			sourceTree = "<group>";
		};
/* End PBXGroup section */

/* Begin PBXNativeTarget section */
		313F7BD124FC089500BDA97C /* TestClever */ = {
			isa = PBXNativeTarget;
			buildConfigurationList = 313F7BE624FC089D00BDA97C /* Build configuration list for PBXNativeTarget "TestClever" */;
			buildPhases = (
				313F7BCE24FC089500BDA97C /* Sources */,
				313F7BCF24FC089500BDA97C /* Frameworks */,
				313F7BD024FC089500BDA97C /* Resources */,
			);
			buildRules = (
			);
			dependencies = (
			);
			name = TestClever;
			productName = TestClever;
			productReference = 313F7BD224FC089500BDA97C /* TestClever.app */;
			productType = "com.apple.product-type.application";
		};
/* End PBXNativeTarget section */

/* Begin PBXProject section */
		313F7BCA24FC089500BDA97C /* Project object */ = {
			isa = PBXProject;
			attributes = {
				LastSwiftUpdateCheck = 1160;
				LastUpgradeCheck = 1160;
				ORGANIZATIONNAME = "Евгений Тарасов";
				TargetAttributes = {
					313F7BD124FC089500BDA97C = {
						CreatedOnToolsVersion = 11.6;
					};
				};
			};
			buildConfigurationList = 313F7BCD24FC089500BDA97C /* Build configuration list for PBXProject "TestClever" */;
			compatibilityVersion = "Xcode 9.3";
			developmentRegion = en;
			hasScannedForEncodings = 0;
			knownRegions = (
				en,
				Base,
			);
			mainGroup = 313F7BC924FC089500BDA97C;
			productRefGroup = 313F7BD324FC089500BDA97C /* Products */;
			projectDirPath = "";
			projectRoot = "";
			targets = (
				313F7BD124FC089500BDA97C /* TestClever */,
			);
		};
/* End PBXProject section */

/* Begin PBXResourcesBuildPhase section */
		313F7BD024FC089500BDA97C /* Resources */ = {
			isa = PBXResourcesBuildPhase;
			buildActionMask = 2147483647;
			files = (
				313F7BE224FC089D00BDA97C /* LaunchScreen.storyboard in Resources */,
				313F7BDF24FC089D00BDA97C /* Assets.xcassets in Resources */,
				313F7BDD24FC089500BDA97C /* Main.storyboard in Resources */,
			);
			runOnlyForDeploymentPostprocessing = 0;
		};
/* End PBXResourcesBuildPhase section */

/* Begin PBXSourcesBuildPhase section */
		313F7BCE24FC089500BDA97C /* Sources */ = {
			isa = PBXSourcesBuildPhase;
			buildActionMask = 2147483647;
			files = (
				313F7BDA24FC089500BDA97C /* ViewController.swift in Sources */,
				313F7BD624FC089500BDA97C /* AppDelegate.swift in Sources */,
				313F7BD824FC089500BDA97C /* SceneDelegate.swift in Sources */,
			);
			runOnlyForDeploymentPostprocessing = 0;
		};
/* End PBXSourcesBuildPhase section */

/* Begin PBXVariantGroup section */
		313F7BDB24FC089500BDA97C /* Main.storyboard */ = {
			isa = PBXVariantGroup;
			children = (
				313F7BDC24FC089500BDA97C /* Base */,
			);
			name = Main.storyboard;
			sourceTree = "<group>";
		};
		313F7BE024FC089D00BDA97C /* LaunchScreen.storyboard */ = {
			isa = PBXVariantGroup;
			children = (
				313F7BE124FC089D00BDA97C /* Base */,
			);
			name = LaunchScreen.storyboard;
			sourceTree = "<group>";
		};
/* End PBXVariantGroup section */

/* Begin XCBuildConfiguration section */
		313F7BE424FC089D00BDA97C /* Debug */ = {
			isa = XCBuildConfiguration;
			buildSettings = {
				ALWAYS_SEARCH_USER_PATHS = NO;
				CLANG_ANALYZER_NONNULL = YES;
				CLANG_ANALYZER_NUMBER_OBJECT_CONVERSION = YES_AGGRESSIVE;
				CLANG_CXX_LANGUAGE_STANDARD = "gnu++14";
				CLANG_CXX_LIBRARY = "libc++";
				CLANG_ENABLE_MODULES = YES;
				CLANG_ENABLE_OBJC_ARC = YES;
				CLANG_ENABLE_OBJC_WEAK = YES;
				CLANG_WARN_BLOCK_CAPTURE_AUTORELEASING = YES;
				CLANG_WARN_BOOL_CONVERSION = YES;
				CLANG_WARN_COMMA = YES;
				CLANG_WARN_CONSTANT_CONVERSION = YES;
				CLANG_WARN_DEPRECATED_OBJC_IMPLEMENTATIONS = YES;
				CLANG_WARN_DIRECT_OBJC_ISA_USAGE = YES_ERROR;
				CLANG_WARN_DOCUMENTATION_COMMENTS = YES;
				CLANG_WARN_EMPTY_BODY = YES;
				CLANG_WARN_ENUM_CONVERSION = YES;
				CLANG_WARN_INFINITE_RECURSION = YES;
				CLANG_WARN_INT_CONVERSION = YES;
				CLANG_WARN_NON_LITERAL_NULL_CONVERSION = YES;
				CLANG_WARN_OBJC_IMPLICIT_RETAIN_SELF = YES;
				CLANG_WARN_OBJC_LITERAL_CONVERSION = YES;
				CLANG_WARN_OBJC_ROOT_CLASS = YES_ERROR;
				CLANG_WARN_RANGE_LOOP_ANALYSIS = YES;
				CLANG_WARN_STRICT_PROTOTYPES = YES;
				CLANG_WARN_SUSPICIOUS_MOVE = YES;
				CLANG_WARN_UNGUARDED_AVAILABILITY = YES_AGGRESSIVE;
				CLANG_WARN_UNREACHABLE_CODE = YES;
				CLANG_WARN__DUPLICATE_METHOD_MATCH = YES;
				COPY_PHASE_STRIP = NO;
				DEBUG_INFORMATION_FORMAT = dwarf;
				ENABLE_STRICT_OBJC_MSGSEND = YES;
				ENABLE_TESTABILITY = YES;
				GCC_C_LANGUAGE_STANDARD = gnu11;
				GCC_DYNAMIC_NO_PIC = NO;
				GCC_NO_COMMON_BLOCKS = YES;
				GCC_OPTIMIZATION_LEVEL = 0;
				GCC_PREPROCESSOR_DEFINITIONS = (
					"DEBUG=1",
					"$(inherited)",
				);
				GCC_WARN_64_TO_32_BIT_CONVERSION = YES;
				GCC_WARN_ABOUT_RETURN_TYPE = YES_ERROR;
				GCC_WARN_UNDECLARED_SELECTOR = YES;
				GCC_WARN_UNINITIALIZED_AUTOS = YES_AGGRESSIVE;
				GCC_WARN_UNUSED_FUNCTION = YES;
				GCC_WARN_UNUSED_VARIABLE = YES;
				IPHONEOS_DEPLOYMENT_TARGET = 13.6;
				MTL_ENABLE_DEBUG_INFO = INCLUDE_SOURCE;
				MTL_FAST_MATH = YES;
				ONLY_ACTIVE_ARCH = YES;
				SDKROOT = iphoneos;
				SWIFT_ACTIVE_COMPILATION_CONDITIONS = DEBUG;
				SWIFT_OPTIMIZATION_LEVEL = "-Onone";
			};
			name = Debug;
		};
		313F7BE524FC089D00BDA97C /* Release */ = {
			isa = XCBuildConfiguration;
			buildSettings = {
				ALWAYS_SEARCH_USER_PATHS = NO;
				CLANG_ANALYZER_NONNULL = YES;
				CLANG_ANALYZER_NUMBER_OBJECT_CONVERSION = YES_AGGRESSIVE;
				CLANG_CXX_LANGUAGE_STANDARD = "gnu++14";
				CLANG_CXX_LIBRARY = "libc++";
				CLANG_ENABLE_MODULES = YES;
				CLANG_ENABLE_OBJC_ARC = YES;
				CLANG_ENABLE_OBJC_WEAK = YES;
				CLANG_WARN_BLOCK_CAPTURE_AUTORELEASING = YES;
				CLANG_WARN_BOOL_CONVERSION = YES;
				CLANG_WARN_COMMA = YES;
				CLANG_WARN_CONSTANT_CONVERSION = YES;
				CLANG_WARN_DEPRECATED_OBJC_IMPLEMENTATIONS = YES;
				CLANG_WARN_DIRECT_OBJC_ISA_USAGE = YES_ERROR;
				CLANG_WARN_DOCUMENTATION_COMMENTS = YES;
				CLANG_WARN_EMPTY_BODY = YES;
				CLANG_WARN_ENUM_CONVERSION = YES;
				CLANG_WARN_INFINITE_RECURSION = YES;
				CLANG_WARN_INT_CONVERSION = YES;
				CLANG_WARN_NON_LITERAL_NULL_CONVERSION = YES;
				CLANG_WARN_OBJC_IMPLICIT_RETAIN_SELF = YES;
				CLANG_WARN_OBJC_LITERAL_CONVERSION = YES;
				CLANG_WARN_OBJC_ROOT_CLASS = YES_ERROR;
				CLANG_WARN_RANGE_LOOP_ANALYSIS = YES;
				CLANG_WARN_STRICT_PROTOTYPES = YES;
				CLANG_WARN_SUSPICIOUS_MOVE = YES;
				CLANG_WARN_UNGUARDED_AVAILABILITY = YES_AGGRESSIVE;
				CLANG_WARN_UNREACHABLE_CODE = YES;
				CLANG_WARN__DUPLICATE_METHOD_MATCH = YES;
				COPY_PHASE_STRIP = NO;
				DEBUG_INFORMATION_FORMAT = "dwarf-with-dsym";
				ENABLE_NS_ASSERTIONS = NO;
				ENABLE_STRICT_OBJC_MSGSEND = YES;
				GCC_C_LANGUAGE_STANDARD = gnu11;
				GCC_NO_COMMON_BLOCKS = YES;
				GCC_WARN_64_TO_32_BIT_CONVERSION = YES;
				GCC_WARN_ABOUT_RETURN_TYPE = YES_ERROR;
				GCC_WARN_UNDECLARED_SELECTOR = YES;
				GCC_WARN_UNINITIALIZED_AUTOS = YES_AGGRESSIVE;
				GCC_WARN_UNUSED_FUNCTION = YES;
				GCC_WARN_UNUSED_VARIABLE = YES;
				IPHONEOS_DEPLOYMENT_TARGET = 13.6;
				MTL_ENABLE_DEBUG_INFO = NO;
				MTL_FAST_MATH = YES;
				SDKROOT = iphoneos;
				SWIFT_COMPILATION_MODE = wholemodule;
				SWIFT_OPTIMIZATION_LEVEL = "-O";
				VALIDATE_PRODUCT = YES;
			};
			name = Release;
		};
		313F7BE724FC089D00BDA97C /* Debug */ = {
			isa = XCBuildConfiguration;
			buildSettings = {
				ASSETCATALOG_COMPILER_APPICON_NAME = AppIcon;
				CODE_SIGN_STYLE = Automatic;
				DEVELOPMENT_TEAM = NCYRDHFV67;
				INFOPLIST_FILE = TestClever/Info.plist;
				LD_RUNPATH_SEARCH_PATHS = (
					"$(inherited)",
					"@executable_path/Frameworks",
				);
				PRODUCT_BUNDLE_IDENTIFIER = ru.evatarasov.TestClever;
				PRODUCT_NAME = "$(TARGET_NAME)";
				SWIFT_VERSION = 5.0;
				TARGETED_DEVICE_FAMILY = "1,2";
			};
			name = Debug;
		};
		313F7BE824FC089D00BDA97C /* Release */ = {
			isa = XCBuildConfiguration;
			buildSettings = {
				ASSETCATALOG_COMPILER_APPICON_NAME = AppIcon;
				CODE_SIGN_STYLE = Automatic;
				DEVELOPMENT_TEAM = NCYRDHFV67;
				INFOPLIST_FILE = TestClever/Info.plist;
				LD_RUNPATH_SEARCH_PATHS = (
					"$(inherited)",
					"@executable_path/Frameworks",
				);
				PRODUCT_BUNDLE_IDENTIFIER = ru.evatarasov.TestClever;
				PRODUCT_NAME = "$(TARGET_NAME)";
				SWIFT_VERSION = 5.0;
				TARGETED_DEVICE_FAMILY = "1,2";
			};
			name = Release;
		};
/* End XCBuildConfiguration section */

/* Begin XCConfigurationList section */
		313F7BCD24FC089500BDA97C /* Build configuration list for PBXProject "TestClever" */ = {
			isa = XCConfigurationList;
			buildConfigurations = (
				313F7BE424FC089D00BDA97C /* Debug */,
				313F7BE524FC089D00BDA97C /* Release */,
			);
			defaultConfigurationIsVisible = 0;
			defaultConfigurationName = Release;
		};
		313F7BE624FC089D00BDA97C /* Build configuration list for PBXNativeTarget "TestClever" */ = {
			isa = XCConfigurationList;
			buildConfigurations = (
				313F7BE724FC089D00BDA97C /* Debug */,
				313F7BE824FC089D00BDA97C /* Release */,
			);
			defaultConfigurationIsVisible = 0;
			defaultConfigurationName = Release;
		};
/* End XCConfigurationList section */
	};
	rootObject = 313F7BCA24FC089500BDA97C /* Project object */;
}
